
Microsoft Visual Studio Solution File, Format Version 12.00
# Visual Studio 15
VisualStudioVersion = 15.0.26730.10
MinimumVisualStudioVersion = 10.0.40219.1
Project("{FAE04EC0-301F-11D3-BF4B-00C04F79EFBC}") = "Destiny2App", "Destiny2App\Destiny2App.csproj", "{1B5B92D3-4B71-405D-BD5C-C33B7B4E369F}"
EndProject
Global
	GlobalSection(SolutionConfigurationPlatforms) = preSolution
		Debug|Any CPU = Debug|Any CPU
		Release|Any CPU = Release|Any CPU
	EndGlobalSection
	GlobalSection(ProjectConfigurationPlatforms) = postSolution
		{1B5B92D3-4B71-405D-BD5C-C33B7B4E369F}.Debug|Any CPU.ActiveCfg = Debug|Any CPU
		{1B5B92D3-4B71-405D-BD5C-C33B7B4E369F}.Debug|Any CPU.Build.0 = Debug|Any CPU
		{1B5B92D3-4B71-405D-BD5C-C33B7B4E369F}.Release|Any CPU.ActiveCfg = Release|Any CPU
		{1B5B92D3-4B71-405D-BD5C-C33B7B4E369F}.Release|Any CPU.Build.0 = Release|Any CPU
	EndGlobalSection
	GlobalSection(SolutionProperties) = preSolution
		HideSolutionNode = FALSE
	EndGlobalSection
	GlobalSection(ExtensibilityGlobals) = postSolution
		SolutionGuid = {520A5242-E191-450F-9F26-316D10FC3A42}
	EndGlobalSection
EndGlobal
